
Microsoft Visual Studio Solution File, Format Version 12.00
# Visual Studio 15
Project("{FAE04EC0-301F-11D3-BF4B-00C04F79EFBC}") = "Assembly-CSharp", "Assembly-CSharp.csproj", "{46E3193A-0F69-D9F1-DD62-4AC8E2941AE6}"
EndProject
Project("{FAE04EC0-301F-11D3-BF4B-00C04F79EFBC}") = "Boxophobic.Utils.Scripts", "Boxophobic.Utils.Scripts.csproj", "{51239E49-086E-5CD2-B357-C668ADD281BC}"
EndProject
Project("{FAE04EC0-301F-11D3-BF4B-00C04F79EFBC}") = "Boxophobic.Utils.Editor", "Boxophobic.Utils.Editor.csproj", "{F950413B-D502-1C3F-85A6-CE520042245B}"
EndProject
Project("{FAE04EC0-301F-11D3-BF4B-00C04F79EFBC}") = "Boxophobic.SkyboxCubemapExtended.Editor", "Boxophobic.SkyboxCubemapExtended.Editor.csproj", "{4707F2FC-50AC-E681-3B04-4CB18F84E39A}"
EndProject
Global
	GlobalSection(SolutionConfigurationPlatforms) = preSolution
		Debug|Any CPU = Debug|Any CPU
		Release|Any CPU = Release|Any CPU
	EndGlobalSection
	GlobalSection(ProjectConfigurationPlatforms) = postSolution
		{46E3193A-0F69-D9F1-DD62-4AC8E2941AE6}.Debug|Any CPU.ActiveCfg = Debug|Any CPU
		{46E3193A-0F69-D9F1-DD62-4AC8E2941AE6}.Debug|Any CPU.Build.0 = Debug|Any CPU
		{46E3193A-0F69-D9F1-DD62-4AC8E2941AE6}.Release|Any CPU.ActiveCfg = Release|Any CPU
		{46E3193A-0F69-D9F1-DD62-4AC8E2941AE6}.Release|Any CPU.Build.0 = Release|Any CPU
		{51239E49-086E-5CD2-B357-C668ADD281BC}.Debug|Any CPU.ActiveCfg = Debug|Any CPU
		{51239E49-086E-5CD2-B357-C668ADD281BC}.Debug|Any CPU.Build.0 = Debug|Any CPU
		{51239E49-086E-5CD2-B357-C668ADD281BC}.Release|Any CPU.ActiveCfg = Release|Any CPU
		{51239E49-086E-5CD2-B357-C668ADD281BC}.Release|Any CPU.Build.0 = Release|Any CPU
		{F950413B-D502-1C3F-85A6-CE520042245B}.Debug|Any CPU.ActiveCfg = Debug|Any CPU
		{F950413B-D502-1C3F-85A6-CE520042245B}.Debug|Any CPU.Build.0 = Debug|Any CPU
		{F950413B-D502-1C3F-85A6-CE520042245B}.Release|Any CPU.ActiveCfg = Release|Any CPU
		{F950413B-D502-1C3F-85A6-CE520042245B}.Release|Any CPU.Build.0 = Release|Any CPU
		{4707F2FC-50AC-E681-3B04-4CB18F84E39A}.Debug|Any CPU.ActiveCfg = Debug|Any CPU
		{4707F2FC-50AC-E681-3B04-4CB18F84E39A}.Debug|Any CPU.Build.0 = Debug|Any CPU
		{4707F2FC-50AC-E681-3B04-4CB18F84E39A}.Release|Any CPU.ActiveCfg = Release|Any CPU
		{4707F2FC-50AC-E681-3B04-4CB18F84E39A}.Release|Any CPU.Build.0 = Release|Any CPU
	EndGlobalSection
	GlobalSection(SolutionProperties) = preSolution
		HideSolutionNode = FALSE
	EndGlobalSection
EndGlobal
